// !$*UTF8*$!
{
	archiveVersion = 1;
	classes = {
	};
	objectVersion = 77;
	objects = {

/* Begin PBXBuildFile section */
		3339A5BF2FA0098A003FB395 /* BugzillaKit in Frameworks */ = {isa = PBXBuildFile; productRef = 3339A5BE2FA0098A003FB395 /* BugzillaKit */; };
		3339A5C22FA00C00003FB395 /* Textual in Frameworks */ = {isa = PBXBuildFile; productRef = 3339A5C12FA00C00003FB395 /* Textual */; };
		3339A7092FA06FFF003FB395 /* SearchfoxKit in Frameworks */ = {isa = PBXBuildFile; productRef = 3339A7082FA06FFF003FB395 /* SearchfoxKit */; };
		3339A8002FA15288003FB395 /* PhabricatorKit in Frameworks */ = {isa = PBXBuildFile; productRef = 3339A7FF2FA15288003FB395 /* PhabricatorKit */; };
		3339DB4D2FA40E4D0060FCCE /* FolioCodeView in Frameworks */ = {isa = PBXBuildFile; productRef = 3339DB4C2FA40E4D0060FCCE /* FolioCodeView */; };
		3339DB4F2FA40E4D0060FCCE /* FolioHighlight in Frameworks */ = {isa = PBXBuildFile; productRef = 3339DB4E2FA40E4D0060FCCE /* FolioHighlight */; };
		3339DB512FA40E4D0060FCCE /* FolioModel in Frameworks */ = {isa = PBXBuildFile; productRef = 3339DB502FA40E4D0060FCCE /* FolioModel */; };
		33EA155B2FA90E990083368E /* SwiftProse in Frameworks */ = {isa = PBXBuildFile; productRef = 33EA155A2FA90E990083368E /* SwiftProse */; };
		33EA155D2FA90E990083368E /* SwiftProseSyntax in Frameworks */ = {isa = PBXBuildFile; productRef = 33EA155C2FA90E990083368E /* SwiftProseSyntax */; };
/* End PBXBuildFile section */

/* Begin PBXContainerItemProxy section */
		3339A5A02FA001FC003FB395 /* PBXContainerItemProxy */ = {
			isa = PBXContainerItemProxy;
			containerPortal = 3339A5882FA001FB003FB395 /* Project object */;
			proxyType = 1;
			remoteGlobalIDString = 3339A58F2FA001FC003FB395;
			remoteInfo = Zilla;
		};
		3339A5AA2FA001FC003FB395 /* PBXContainerItemProxy */ = {
			isa = PBXContainerItemProxy;
			containerPortal = 3339A5882FA001FB003FB395 /* Project object */;
			proxyType = 1;
			remoteGlobalIDString = 3339A58F2FA001FC003FB395;
			remoteInfo = Zilla;
		};
/* End PBXContainerItemProxy section */

/* Begin PBXFileReference section */
		3339A5902FA001FC003FB395 /* Zilla.app */ = {isa = PBXFileReference; explicitFileType = wrapper.application; includeInIndex = 0; path = Zilla.app; sourceTree = BUILT_PRODUCTS_DIR; };
		3339A59F2FA001FC003FB395 /* ZillaTests.xctest */ = {isa = PBXFileReference; explicitFileType = wrapper.cfbundle; includeInIndex = 0; path = ZillaTests.xctest; sourceTree = BUILT_PRODUCTS_DIR; };
		3339A5A92FA001FC003FB395 /* ZillaUITests.xctest */ = {isa = PBXFileReference; explicitFileType = wrapper.cfbundle; includeInIndex = 0; path = ZillaUITests.xctest; sourceTree = BUILT_PRODUCTS_DIR; };
/* End PBXFileReference section */

/* Begin PBXFileSystemSynchronizedRootGroup section */
		3339A5922FA001FC003FB395 /* Zilla */ = {
			isa = PBXFileSystemSynchronizedRootGroup;
			path = Zilla;
			sourceTree = "<group>";
		};
		3339A5A22FA001FC003FB395 /* ZillaTests */ = {
			isa = PBXFileSystemSynchronizedRootGroup;
			path = ZillaTests;
			sourceTree = "<group>";
		};
		3339A5AC2FA001FC003FB395 /* ZillaUITests */ = {
			isa = PBXFileSystemSynchronizedRootGroup;
			path = ZillaUITests;
			sourceTree = "<group>";
		};
/* End PBXFileSystemSynchronizedRootGroup section */

/* Begin PBXFrameworksBuildPhase section */
		3339A58D2FA001FC003FB395 /* Frameworks */ = {
			isa = PBXFrameworksBuildPhase;
			buildActionMask = 2147483647;
			files = (
				3339A5BF2FA0098A003FB395 /* BugzillaKit in Frameworks */,
				3339A5C22FA00C00003FB395 /* Textual in Frameworks */,
				3339A7092FA06FFF003FB395 /* SearchfoxKit in Frameworks */,
				33EA155D2FA90E990083368E /* SwiftProseSyntax in Frameworks */,
				33EA155B2FA90E990083368E /* SwiftProse in Frameworks */,
				3339A8002FA15288003FB395 /* PhabricatorKit in Frameworks */,
				3339DB4F2FA40E4D0060FCCE /* FolioHighlight in Frameworks */,
				3339DB512FA40E4D0060FCCE /* FolioModel in Frameworks */,
				3339DB4D2FA40E4D0060FCCE /* FolioCodeView in Frameworks */,
			);
			runOnlyForDeploymentPostprocessing = 0;
		};
		3339A59C2FA001FC003FB395 /* Frameworks */ = {
			isa = PBXFrameworksBuildPhase;
			buildActionMask = 2147483647;
			files = (
			);
			runOnlyForDeploymentPostprocessing = 0;
		};
		3339A5A62FA001FC003FB395 /* Frameworks */ = {
			isa = PBXFrameworksBuildPhase;
			buildActionMask = 2147483647;
			files = (
			);
			runOnlyForDeploymentPostprocessing = 0;
		};
/* End PBXFrameworksBuildPhase section */

/* Begin PBXGroup section */
		3339A5872FA001FB003FB395 = {
			isa = PBXGroup;
			children = (
				3339A5922FA001FC003FB395 /* Zilla */,
				3339A5A22FA001FC003FB395 /* ZillaTests */,
				3339A5AC2FA001FC003FB395 /* ZillaUITests */,
				3339A5912FA001FC003FB395 /* Products */,
			);
			sourceTree = "<group>";
		};
		3339A5912FA001FC003FB395 /* Products */ = {
			isa = PBXGroup;
			children = (
				3339A5902FA001FC003FB395 /* Zilla.app */,
				3339A59F2FA001FC003FB395 /* ZillaTests.xctest */,
				3339A5A92FA001FC003FB395 /* ZillaUITests.xctest */,
			);
			name = Products;
			sourceTree = "<group>";
		};
/* End PBXGroup section */

/* Begin PBXNativeTarget section */
		3339A58F2FA001FC003FB395 /* Zilla */ = {
			isa = PBXNativeTarget;
			buildConfigurationList = 3339A5B32FA001FC003FB395 /* Build configuration list for PBXNativeTarget "Zilla" */;
			buildPhases = (
				3339A58C2FA001FC003FB395 /* Sources */,
				3339A58D2FA001FC003FB395 /* Frameworks */,
				3339A58E2FA001FC003FB395 /* Resources */,
			);
			buildRules = (
			);
			dependencies = (
			);
			fileSystemSynchronizedGroups = (
				3339A5922FA001FC003FB395 /* Zilla */,
			);
			name = Zilla;
			packageProductDependencies = (
				3339A5BE2FA0098A003FB395 /* BugzillaKit */,
				3339A5C12FA00C00003FB395 /* Textual */,
				3339A7082FA06FFF003FB395 /* SearchfoxKit */,
				3339A7FF2FA15288003FB395 /* PhabricatorKit */,
				3339DB4C2FA40E4D0060FCCE /* FolioCodeView */,
				3339DB4E2FA40E4D0060FCCE /* FolioHighlight */,
				3339DB502FA40E4D0060FCCE /* FolioModel */,
				33EA155A2FA90E990083368E /* SwiftProse */,
				33EA155C2FA90E990083368E /* SwiftProseSyntax */,
			);
			productName = Zilla;
			productReference = 3339A5902FA001FC003FB395 /* Zilla.app */;
			productType = "com.apple.product-type.application";
		};
		3339A59E2FA001FC003FB395 /* ZillaTests */ = {
			isa = PBXNativeTarget;
			buildConfigurationList = 3339A5B62FA001FC003FB395 /* Build configuration list for PBXNativeTarget "ZillaTests" */;
			buildPhases = (
				3339A59B2FA001FC003FB395 /* Sources */,
				3339A59C2FA001FC003FB395 /* Frameworks */,
				3339A59D2FA001FC003FB395 /* Resources */,
			);
			buildRules = (
			);
			dependencies = (
				3339A5A12FA001FC003FB395 /* PBXTargetDependency */,
			);
			fileSystemSynchronizedGroups = (
				3339A5A22FA001FC003FB395 /* ZillaTests */,
			);
			name = ZillaTests;
			packageProductDependencies = (
			);
			productName = ZillaTests;
			productReference = 3339A59F2FA001FC003FB395 /* ZillaTests.xctest */;
			productType = "com.apple.product-type.bundle.unit-test";
		};
		3339A5A82FA001FC003FB395 /* ZillaUITests */ = {
			isa = PBXNativeTarget;
			buildConfigurationList = 3339A5B92FA001FC003FB395 /* Build configuration list for PBXNativeTarget "ZillaUITests" */;
			buildPhases = (
				3339A5A52FA001FC003FB395 /* Sources */,
				3339A5A62FA001FC003FB395 /* Frameworks */,
				3339A5A72FA001FC003FB395 /* Resources */,
			);
			buildRules = (
			);
			dependencies = (
				3339A5AB2FA001FC003FB395 /* PBXTargetDependency */,
			);
			fileSystemSynchronizedGroups = (
				3339A5AC2FA001FC003FB395 /* ZillaUITests */,
			);
			name = ZillaUITests;
			packageProductDependencies = (
			);
			productName = ZillaUITests;
			productReference = 3339A5A92FA001FC003FB395 /* ZillaUITests.xctest */;
			productType = "com.apple.product-type.bundle.ui-testing";
		};
/* End PBXNativeTarget section */

/* Begin PBXProject section */
		3339A5882FA001FB003FB395 /* Project object */ = {
			isa = PBXProject;
			attributes = {
				BuildIndependentTargetsInParallel = 1;
				LastSwiftUpdateCheck = 2640;
				LastUpgradeCheck = 2640;
				TargetAttributes = {
					3339A58F2FA001FC003FB395 = {
						CreatedOnToolsVersion = 26.4.1;
					};
					3339A59E2FA001FC003FB395 = {
						CreatedOnToolsVersion = 26.4.1;
						TestTargetID = 3339A58F2FA001FC003FB395;
					};
					3339A5A82FA001FC003FB395 = {
						CreatedOnToolsVersion = 26.4.1;
						TestTargetID = 3339A58F2FA001FC003FB395;
					};
				};
			};
			buildConfigurationList = 3339A58B2FA001FB003FB395 /* Build configuration list for PBXProject "Zilla" */;
			developmentRegion = en;
			hasScannedForEncodings = 0;
			knownRegions = (
				en,
				Base,
			);
			mainGroup = 3339A5872FA001FB003FB395;
			minimizedProjectReferenceProxies = 1;
			packageReferences = (
				3339A5BD2FA0098A003FB395 /* XCLocalSwiftPackageReference "Packages/BugzillaKit" */,
				3339A5C02FA00C00003FB395 /* XCRemoteSwiftPackageReference "Textual" */,
				3339A7072FA06FFF003FB395 /* XCLocalSwiftPackageReference "Packages/SearchfoxKit" */,
				3339A7FE2FA15288003FB395 /* XCLocalSwiftPackageReference "Packages/PhabricatorKit" */,
				3339DB4B2FA40E4D0060FCCE /* XCLocalSwiftPackageReference "Packages/FolioCodeView" */,
				33EA15592FA90E990083368E /* XCLocalSwiftPackageReference "../SwiftProse" */,
			);
			preferredProjectObjectVersion = 77;
			productRefGroup = 3339A5912FA001FC003FB395 /* Products */;
			projectDirPath = "";
			projectRoot = "";
			targets = (
				3339A58F2FA001FC003FB395 /* Zilla */,
				3339A59E2FA001FC003FB395 /* ZillaTests */,
				3339A5A82FA001FC003FB395 /* ZillaUITests */,
			);
		};
/* End PBXProject section */

/* Begin PBXResourcesBuildPhase section */
		3339A58E2FA001FC003FB395 /* Resources */ = {
			isa = PBXResourcesBuildPhase;
			buildActionMask = 2147483647;
			files = (
			);
			runOnlyForDeploymentPostprocessing = 0;
		};
		3339A59D2FA001FC003FB395 /* Resources */ = {
			isa = PBXResourcesBuildPhase;
			buildActionMask = 2147483647;
			files = (
			);
			runOnlyForDeploymentPostprocessing = 0;
		};
		3339A5A72FA001FC003FB395 /* Resources */ = {
			isa = PBXResourcesBuildPhase;
			buildActionMask = 2147483647;
			files = (
			);
			runOnlyForDeploymentPostprocessing = 0;
		};
/* End PBXResourcesBuildPhase section */

/* Begin PBXSourcesBuildPhase section */
		3339A58C2FA001FC003FB395 /* Sources */ = {
			isa = PBXSourcesBuildPhase;
			buildActionMask = 2147483647;
			files = (
			);
			runOnlyForDeploymentPostprocessing = 0;
		};
		3339A59B2FA001FC003FB395 /* Sources */ = {
			isa = PBXSourcesBuildPhase;
			buildActionMask = 2147483647;
			files = (
			);
			runOnlyForDeploymentPostprocessing = 0;
		};
		3339A5A52FA001FC003FB395 /* Sources */ = {
			isa = PBXSourcesBuildPhase;
			buildActionMask = 2147483647;
			files = (
			);
			runOnlyForDeploymentPostprocessing = 0;
		};
/* End PBXSourcesBuildPhase section */

/* Begin PBXTargetDependency section */
		3339A5A12FA001FC003FB395 /* PBXTargetDependency */ = {
			isa = PBXTargetDependency;
			target = 3339A58F2FA001FC003FB395 /* Zilla */;
			targetProxy = 3339A5A02FA001FC003FB395 /* PBXContainerItemProxy */;
		};
		3339A5AB2FA001FC003FB395 /* PBXTargetDependency */ = {
			isa = PBXTargetDependency;
			target = 3339A58F2FA001FC003FB395 /* Zilla */;
			targetProxy = 3339A5AA2FA001FC003FB395 /* PBXContainerItemProxy */;
		};
/* End PBXTargetDependency section */

/* Begin XCBuildConfiguration section */
		3339A5B12FA001FC003FB395 /* Debug */ = {
			isa = XCBuildConfiguration;
			buildSettings = {
				ALWAYS_SEARCH_USER_PATHS = NO;
				ASSETCATALOG_COMPILER_GENERATE_SWIFT_ASSET_SYMBOL_EXTENSIONS = YES;
				CLANG_ANALYZER_NONNULL = YES;
				CLANG_ANALYZER_NUMBER_OBJECT_CONVERSION = YES_AGGRESSIVE;
				CLANG_CXX_LANGUAGE_STANDARD = "gnu++20";
				CLANG_ENABLE_MODULES = YES;
				CLANG_ENABLE_OBJC_ARC = YES;
				CLANG_ENABLE_OBJC_WEAK = YES;
				CLANG_WARN_BLOCK_CAPTURE_AUTORELEASING = YES;
				CLANG_WARN_BOOL_CONVERSION = YES;
				CLANG_WARN_COMMA = YES;
				CLANG_WARN_CONSTANT_CONVERSION = YES;
				CLANG_WARN_DEPRECATED_OBJC_IMPLEMENTATIONS = YES;
				CLANG_WARN_DIRECT_OBJC_ISA_USAGE = YES_ERROR;
				CLANG_WARN_DOCUMENTATION_COMMENTS = YES;
				CLANG_WARN_EMPTY_BODY = YES;
				CLANG_WARN_ENUM_CONVERSION = YES;
				CLANG_WARN_INFINITE_RECURSION = YES;
				CLANG_WARN_INT_CONVERSION = YES;
				CLANG_WARN_NON_LITERAL_NULL_CONVERSION = YES;
				CLANG_WARN_OBJC_IMPLICIT_RETAIN_SELF = YES;
				CLANG_WARN_OBJC_LITERAL_CONVERSION = YES;
				CLANG_WARN_OBJC_ROOT_CLASS = YES_ERROR;
				CLANG_WARN_QUOTED_INCLUDE_IN_FRAMEWORK_HEADER = YES;
				CLANG_WARN_RANGE_LOOP_ANALYSIS = YES;
				CLANG_WARN_STRICT_PROTOTYPES = YES;
				CLANG_WARN_SUSPICIOUS_MOVE = YES;
				CLANG_WARN_UNGUARDED_AVAILABILITY = YES_AGGRESSIVE;
				CLANG_WARN_UNREACHABLE_CODE = YES;
				CLANG_WARN__DUPLICATE_METHOD_MATCH = YES;
				COPY_PHASE_STRIP = NO;
				DEBUG_INFORMATION_FORMAT = dwarf;
				ENABLE_STRICT_OBJC_MSGSEND = YES;
				ENABLE_TESTABILITY = YES;
				ENABLE_USER_SCRIPT_SANDBOXING = YES;
				GCC_C_LANGUAGE_STANDARD = gnu17;
				GCC_DYNAMIC_NO_PIC = NO;
				GCC_NO_COMMON_BLOCKS = YES;
				GCC_OPTIMIZATION_LEVEL = 0;
				GCC_PREPROCESSOR_DEFINITIONS = (
					"DEBUG=1",
					"$(inherited)",
				);
				GCC_WARN_64_TO_32_BIT_CONVERSION = YES;
				GCC_WARN_ABOUT_RETURN_TYPE = YES_ERROR;
				GCC_WARN_UNDECLARED_SELECTOR = YES;
				GCC_WARN_UNINITIALIZED_AUTOS = YES_AGGRESSIVE;
				GCC_WARN_UNUSED_FUNCTION = YES;
				GCC_WARN_UNUSED_VARIABLE = YES;
				LOCALIZATION_PREFERS_STRING_CATALOGS = YES;
				MTL_ENABLE_DEBUG_INFO = INCLUDE_SOURCE;
				MTL_FAST_MATH = YES;
				ONLY_ACTIVE_ARCH = YES;
				SWIFT_ACTIVE_COMPILATION_CONDITIONS = "DEBUG $(inherited)";
				SWIFT_OPTIMIZATION_LEVEL = "-Onone";
			};
			name = Debug;
		};
		3339A5B22FA001FC003FB395 /* Release */ = {
			isa = XCBuildConfiguration;
			buildSettings = {
				ALWAYS_SEARCH_USER_PATHS = NO;
				ASSETCATALOG_COMPILER_GENERATE_SWIFT_ASSET_SYMBOL_EXTENSIONS = YES;
				CLANG_ANALYZER_NONNULL = YES;
				CLANG_ANALYZER_NUMBER_OBJECT_CONVERSION = YES_AGGRESSIVE;
				CLANG_CXX_LANGUAGE_STANDARD = "gnu++20";
				CLANG_ENABLE_MODULES = YES;
				CLANG_ENABLE_OBJC_ARC = YES;
				CLANG_ENABLE_OBJC_WEAK = YES;
				CLANG_WARN_BLOCK_CAPTURE_AUTORELEASING = YES;
				CLANG_WARN_BOOL_CONVERSION = YES;
				CLANG_WARN_COMMA = YES;
				CLANG_WARN_CONSTANT_CONVERSION = YES;
				CLANG_WARN_DEPRECATED_OBJC_IMPLEMENTATIONS = YES;
				CLANG_WARN_DIRECT_OBJC_ISA_USAGE = YES_ERROR;
				CLANG_WARN_DOCUMENTATION_COMMENTS = YES;
				CLANG_WARN_EMPTY_BODY = YES;
				CLANG_WARN_ENUM_CONVERSION = YES;
				CLANG_WARN_INFINITE_RECURSION = YES;
				CLANG_WARN_INT_CONVERSION = YES;
				CLANG_WARN_NON_LITERAL_NULL_CONVERSION = YES;
				CLANG_WARN_OBJC_IMPLICIT_RETAIN_SELF = YES;
				CLANG_WARN_OBJC_LITERAL_CONVERSION = YES;
				CLANG_WARN_OBJC_ROOT_CLASS = YES_ERROR;
				CLANG_WARN_QUOTED_INCLUDE_IN_FRAMEWORK_HEADER = YES;
				CLANG_WARN_RANGE_LOOP_ANALYSIS = YES;
				CLANG_WARN_STRICT_PROTOTYPES = YES;
				CLANG_WARN_SUSPICIOUS_MOVE = YES;
				CLANG_WARN_UNGUARDED_AVAILABILITY = YES_AGGRESSIVE;
				CLANG_WARN_UNREACHABLE_CODE = YES;
				CLANG_WARN__DUPLICATE_METHOD_MATCH = YES;
				COPY_PHASE_STRIP = NO;
				DEBUG_INFORMATION_FORMAT = "dwarf-with-dsym";
				ENABLE_NS_ASSERTIONS = NO;
				ENABLE_STRICT_OBJC_MSGSEND = YES;
				ENABLE_USER_SCRIPT_SANDBOXING = YES;
				GCC_C_LANGUAGE_STANDARD = gnu17;
				GCC_NO_COMMON_BLOCKS = YES;
				GCC_WARN_64_TO_32_BIT_CONVERSION = YES;
				GCC_WARN_ABOUT_RETURN_TYPE = YES_ERROR;
				GCC_WARN_UNDECLARED_SELECTOR = YES;
				GCC_WARN_UNINITIALIZED_AUTOS = YES_AGGRESSIVE;
				GCC_WARN_UNUSED_FUNCTION = YES;
				GCC_WARN_UNUSED_VARIABLE = YES;
				LOCALIZATION_PREFERS_STRING_CATALOGS = YES;
				MTL_ENABLE_DEBUG_INFO = NO;
				MTL_FAST_MATH = YES;
				SWIFT_COMPILATION_MODE = wholemodule;
			};
			name = Release;
		};
		3339A5B42FA001FC003FB395 /* Debug */ = {
			isa = XCBuildConfiguration;
			buildSettings = {
				ASSETCATALOG_COMPILER_APPICON_NAME = AppIcon;
				ASSETCATALOG_COMPILER_GLOBAL_ACCENT_COLOR_NAME = AccentColor;
				ASSETCATALOG_COMPILER_INCLUDE_ALL_APPICON_ASSETS = YES;
				AUTOMATION_APPLE_EVENTS = NO;
				CODE_SIGN_ENTITLEMENTS = Zilla/Zilla.entitlements;
				CODE_SIGN_IDENTITY = "Apple Development";
				CODE_SIGN_STYLE = Automatic;
				CURRENT_PROJECT_VERSION = 1;
				DEVELOPMENT_TEAM = FKN6VL994M;
				ENABLE_APP_SANDBOX = YES;
				ENABLE_HARDENED_RUNTIME = YES;
				ENABLE_PREVIEWS = YES;
				ENABLE_RESOURCE_ACCESS_AUDIO_INPUT = NO;
				ENABLE_RESOURCE_ACCESS_CALENDARS = NO;
				ENABLE_RESOURCE_ACCESS_CAMERA = NO;
				ENABLE_RESOURCE_ACCESS_CONTACTS = NO;
				ENABLE_RESOURCE_ACCESS_LOCATION = NO;
				ENABLE_RESOURCE_ACCESS_PHOTO_LIBRARY = NO;
				ENABLE_USER_SELECTED_FILES = readonly;
				GENERATE_INFOPLIST_FILE = YES;
				INFOPLIST_KEY_CFBundleDisplayName = "Zilla Tracker";
				INFOPLIST_KEY_LSApplicationCategoryType = "public.app-category.developer-tools";
				"INFOPLIST_KEY_UIApplicationSceneManifest_Generation[sdk=iphoneos*]" = YES;
				"INFOPLIST_KEY_UIApplicationSceneManifest_Generation[sdk=iphonesimulator*]" = YES;
				"INFOPLIST_KEY_UIApplicationSupportsIndirectInputEvents[sdk=iphoneos*]" = YES;
				"INFOPLIST_KEY_UIApplicationSupportsIndirectInputEvents[sdk=iphonesimulator*]" = YES;
				"INFOPLIST_KEY_UILaunchScreen_Generation[sdk=iphoneos*]" = YES;
				"INFOPLIST_KEY_UILaunchScreen_Generation[sdk=iphonesimulator*]" = YES;
				"INFOPLIST_KEY_UIStatusBarStyle[sdk=iphoneos*]" = UIStatusBarStyleDefault;
				"INFOPLIST_KEY_UIStatusBarStyle[sdk=iphonesimulator*]" = UIStatusBarStyleDefault;
				INFOPLIST_KEY_UISupportedInterfaceOrientations_iPad = "UIInterfaceOrientationPortrait UIInterfaceOrientationPortraitUpsideDown UIInterfaceOrientationLandscapeLeft UIInterfaceOrientationLandscapeRight";
				INFOPLIST_KEY_UISupportedInterfaceOrientations_iPhone = "UIInterfaceOrientationPortrait UIInterfaceOrientationLandscapeLeft UIInterfaceOrientationLandscapeRight";
				IPHONEOS_DEPLOYMENT_TARGET = 26.4;
				LD_RUNPATH_SEARCH_PATHS = "@executable_path/Frameworks";
				"LD_RUNPATH_SEARCH_PATHS[sdk=macosx*]" = "@executable_path/../Frameworks";
				MACOSX_DEPLOYMENT_TARGET = 26.4;
				MARKETING_VERSION = 1.2;
				PRODUCT_BUNDLE_IDENTIFIER = com.fchasen.Zilla;
				PRODUCT_NAME = "$(TARGET_NAME)";
				PROVISIONING_PROFILE_SPECIFIER = "";
				REGISTER_APP_GROUPS = YES;
				RUNTIME_EXCEPTION_ALLOW_DYLD_ENVIRONMENT_VARIABLES = NO;
				RUNTIME_EXCEPTION_ALLOW_JIT = NO;
				RUNTIME_EXCEPTION_ALLOW_UNSIGNED_EXECUTABLE_MEMORY = NO;
				RUNTIME_EXCEPTION_DEBUGGING_TOOL = NO;
				RUNTIME_EXCEPTION_DISABLE_EXECUTABLE_PAGE_PROTECTION = NO;
				RUNTIME_EXCEPTION_DISABLE_LIBRARY_VALIDATION = NO;
				SDKROOT = auto;
				STRING_CATALOG_GENERATE_SYMBOLS = YES;
				SUPPORTED_PLATFORMS = "iphoneos iphonesimulator macosx";
				SWIFT_APPROACHABLE_CONCURRENCY = YES;
				SWIFT_DEFAULT_ACTOR_ISOLATION = MainActor;
				SWIFT_EMIT_LOC_STRINGS = YES;
				SWIFT_UPCOMING_FEATURE_MEMBER_IMPORT_VISIBILITY = YES;
				SWIFT_VERSION = 5.0;
				TARGETED_DEVICE_FAMILY = "1,2";
			};
			name = Debug;
		};
		3339A5B52FA001FC003FB395 /* Release */ = {
			isa = XCBuildConfiguration;
			buildSettings = {
				ASSETCATALOG_COMPILER_APPICON_NAME = AppIcon;
				ASSETCATALOG_COMPILER_GLOBAL_ACCENT_COLOR_NAME = AccentColor;
				ASSETCATALOG_COMPILER_INCLUDE_ALL_APPICON_ASSETS = YES;
				AUTOMATION_APPLE_EVENTS = NO;
				CODE_SIGN_ENTITLEMENTS = Zilla/Zilla.entitlements;
				CODE_SIGN_IDENTITY = "Apple Development";
				CODE_SIGN_STYLE = Automatic;
				CURRENT_PROJECT_VERSION = 1;
				DEVELOPMENT_TEAM = FKN6VL994M;
				ENABLE_APP_SANDBOX = YES;
				ENABLE_HARDENED_RUNTIME = YES;
				ENABLE_PREVIEWS = YES;
				ENABLE_RESOURCE_ACCESS_AUDIO_INPUT = NO;
				ENABLE_RESOURCE_ACCESS_CALENDARS = NO;
				ENABLE_RESOURCE_ACCESS_CAMERA = NO;
				ENABLE_RESOURCE_ACCESS_CONTACTS = NO;
				ENABLE_RESOURCE_ACCESS_LOCATION = NO;
				ENABLE_RESOURCE_ACCESS_PHOTO_LIBRARY = NO;
				ENABLE_USER_SELECTED_FILES = readonly;
				GENERATE_INFOPLIST_FILE = YES;
				INFOPLIST_KEY_CFBundleDisplayName = "Zilla Tracker";
				INFOPLIST_KEY_LSApplicationCategoryType = "public.app-category.developer-tools";
				"INFOPLIST_KEY_UIApplicationSceneManifest_Generation[sdk=iphoneos*]" = YES;
				"INFOPLIST_KEY_UIApplicationSceneManifest_Generation[sdk=iphonesimulator*]" = YES;
				"INFOPLIST_KEY_UIApplicationSupportsIndirectInputEvents[sdk=iphoneos*]" = YES;
				"INFOPLIST_KEY_UIApplicationSupportsIndirectInputEvents[sdk=iphonesimulator*]" = YES;
				"INFOPLIST_KEY_UILaunchScreen_Generation[sdk=iphoneos*]" = YES;
				"INFOPLIST_KEY_UILaunchScreen_Generation[sdk=iphonesimulator*]" = YES;
				"INFOPLIST_KEY_UIStatusBarStyle[sdk=iphoneos*]" = UIStatusBarStyleDefault;
				"INFOPLIST_KEY_UIStatusBarStyle[sdk=iphonesimulator*]" = UIStatusBarStyleDefault;
				INFOPLIST_KEY_UISupportedInterfaceOrientations_iPad = "UIInterfaceOrientationPortrait UIInterfaceOrientationPortraitUpsideDown UIInterfaceOrientationLandscapeLeft UIInterfaceOrientationLandscapeRight";
				INFOPLIST_KEY_UISupportedInterfaceOrientations_iPhone = "UIInterfaceOrientationPortrait UIInterfaceOrientationLandscapeLeft UIInterfaceOrientationLandscapeRight";
				IPHONEOS_DEPLOYMENT_TARGET = 26.4;
				LD_RUNPATH_SEARCH_PATHS = "@executable_path/Frameworks";
				"LD_RUNPATH_SEARCH_PATHS[sdk=macosx*]" = "@executable_path/../Frameworks";
				MACOSX_DEPLOYMENT_TARGET = 26.4;
				MARKETING_VERSION = 1.2;
				PRODUCT_BUNDLE_IDENTIFIER = com.fchasen.Zilla;
				PRODUCT_NAME = "$(TARGET_NAME)";
				PROVISIONING_PROFILE_SPECIFIER = "";
				REGISTER_APP_GROUPS = YES;
				RUNTIME_EXCEPTION_ALLOW_DYLD_ENVIRONMENT_VARIABLES = NO;
				RUNTIME_EXCEPTION_ALLOW_JIT = NO;
				RUNTIME_EXCEPTION_ALLOW_UNSIGNED_EXECUTABLE_MEMORY = NO;
				RUNTIME_EXCEPTION_DEBUGGING_TOOL = NO;
				RUNTIME_EXCEPTION_DISABLE_EXECUTABLE_PAGE_PROTECTION = NO;
				RUNTIME_EXCEPTION_DISABLE_LIBRARY_VALIDATION = NO;
				SDKROOT = auto;
				STRING_CATALOG_GENERATE_SYMBOLS = YES;
				SUPPORTED_PLATFORMS = "iphoneos iphonesimulator macosx";
				SWIFT_APPROACHABLE_CONCURRENCY = YES;
				SWIFT_DEFAULT_ACTOR_ISOLATION = MainActor;
				SWIFT_EMIT_LOC_STRINGS = YES;
				SWIFT_UPCOMING_FEATURE_MEMBER_IMPORT_VISIBILITY = YES;
				SWIFT_VERSION = 5.0;
				TARGETED_DEVICE_FAMILY = "1,2";
			};
			name = Release;
		};
		3339A5B72FA001FC003FB395 /* Debug */ = {
			isa = XCBuildConfiguration;
			buildSettings = {
				BUNDLE_LOADER = "$(TEST_HOST)";
				CODE_SIGN_STYLE = Automatic;
				CURRENT_PROJECT_VERSION = 1;
				GENERATE_INFOPLIST_FILE = YES;
				IPHONEOS_DEPLOYMENT_TARGET = 26.4;
				MACOSX_DEPLOYMENT_TARGET = 26.4;
				MARKETING_VERSION = 1.0;
				PRODUCT_BUNDLE_IDENTIFIER = mozilla.ZillaTests;
				PRODUCT_NAME = "$(TARGET_NAME)";
				SDKROOT = auto;
				STRING_CATALOG_GENERATE_SYMBOLS = NO;
				SUPPORTED_PLATFORMS = "iphoneos iphonesimulator macosx";
				SWIFT_APPROACHABLE_CONCURRENCY = YES;
				SWIFT_EMIT_LOC_STRINGS = NO;
				SWIFT_UPCOMING_FEATURE_MEMBER_IMPORT_VISIBILITY = YES;
				SWIFT_VERSION = 5.0;
				TARGETED_DEVICE_FAMILY = "1,2";
				TEST_HOST = "$(BUILT_PRODUCTS_DIR)/Zilla.app/$(BUNDLE_EXECUTABLE_FOLDER_PATH)/Zilla";
			};
			name = Debug;
		};
		3339A5B82FA001FC003FB395 /* Release */ = {
			isa = XCBuildConfiguration;
			buildSettings = {
				BUNDLE_LOADER = "$(TEST_HOST)";
				CODE_SIGN_STYLE = Automatic;
				CURRENT_PROJECT_VERSION = 1;
				GENERATE_INFOPLIST_FILE = YES;
				IPHONEOS_DEPLOYMENT_TARGET = 26.4;
				MACOSX_DEPLOYMENT_TARGET = 26.4;
				MARKETING_VERSION = 1.0;
				PRODUCT_BUNDLE_IDENTIFIER = mozilla.ZillaTests;
				PRODUCT_NAME = "$(TARGET_NAME)";
				SDKROOT = auto;
				STRING_CATALOG_GENERATE_SYMBOLS = NO;
				SUPPORTED_PLATFORMS = "iphoneos iphonesimulator macosx";
				SWIFT_APPROACHABLE_CONCURRENCY = YES;
				SWIFT_EMIT_LOC_STRINGS = NO;
				SWIFT_UPCOMING_FEATURE_MEMBER_IMPORT_VISIBILITY = YES;
				SWIFT_VERSION = 5.0;
				TARGETED_DEVICE_FAMILY = "1,2";
				TEST_HOST = "$(BUILT_PRODUCTS_DIR)/Zilla.app/$(BUNDLE_EXECUTABLE_FOLDER_PATH)/Zilla";
			};
			name = Release;
		};
		3339A5BA2FA001FC003FB395 /* Debug */ = {
			isa = XCBuildConfiguration;
			buildSettings = {
				CODE_SIGN_STYLE = Automatic;
				CURRENT_PROJECT_VERSION = 1;
				GENERATE_INFOPLIST_FILE = YES;
				IPHONEOS_DEPLOYMENT_TARGET = 26.4;
				MACOSX_DEPLOYMENT_TARGET = 26.4;
				MARKETING_VERSION = 1.0;
				PRODUCT_BUNDLE_IDENTIFIER = mozilla.ZillaUITests;
				PRODUCT_NAME = "$(TARGET_NAME)";
				SDKROOT = auto;
				STRING_CATALOG_GENERATE_SYMBOLS = NO;
				SUPPORTED_PLATFORMS = "iphoneos iphonesimulator macosx";
				SWIFT_APPROACHABLE_CONCURRENCY = YES;
				SWIFT_EMIT_LOC_STRINGS = NO;
				SWIFT_UPCOMING_FEATURE_MEMBER_IMPORT_VISIBILITY = YES;
				SWIFT_VERSION = 5.0;
				TARGETED_DEVICE_FAMILY = "1,2";
				TEST_TARGET_NAME = Zilla;
			};
			name = Debug;
		};
		3339A5BB2FA001FC003FB395 /* Release */ = {
			isa = XCBuildConfiguration;
			buildSettings = {
				CODE_SIGN_STYLE = Automatic;
				CURRENT_PROJECT_VERSION = 1;
				GENERATE_INFOPLIST_FILE = YES;
				IPHONEOS_DEPLOYMENT_TARGET = 26.4;
				MACOSX_DEPLOYMENT_TARGET = 26.4;
				MARKETING_VERSION = 1.0;
				PRODUCT_BUNDLE_IDENTIFIER = mozilla.ZillaUITests;
				PRODUCT_NAME = "$(TARGET_NAME)";
				SDKROOT = auto;
				STRING_CATALOG_GENERATE_SYMBOLS = NO;
				SUPPORTED_PLATFORMS = "iphoneos iphonesimulator macosx";
				SWIFT_APPROACHABLE_CONCURRENCY = YES;
				SWIFT_EMIT_LOC_STRINGS = NO;
				SWIFT_UPCOMING_FEATURE_MEMBER_IMPORT_VISIBILITY = YES;
				SWIFT_VERSION = 5.0;
				TARGETED_DEVICE_FAMILY = "1,2";
				TEST_TARGET_NAME = Zilla;
			};
			name = Release;
		};
/* End XCBuildConfiguration section */

/* Begin XCConfigurationList section */
		3339A58B2FA001FB003FB395 /* Build configuration list for PBXProject "Zilla" */ = {
			isa = XCConfigurationList;
			buildConfigurations = (
				3339A5B12FA001FC003FB395 /* Debug */,
				3339A5B22FA001FC003FB395 /* Release */,
			);
			defaultConfigurationIsVisible = 0;
			defaultConfigurationName = Release;
		};
		3339A5B32FA001FC003FB395 /* Build configuration list for PBXNativeTarget "Zilla" */ = {
			isa = XCConfigurationList;
			buildConfigurations = (
				3339A5B42FA001FC003FB395 /* Debug */,
				3339A5B52FA001FC003FB395 /* Release */,
			);
			defaultConfigurationIsVisible = 0;
			defaultConfigurationName = Release;
		};
		3339A5B62FA001FC003FB395 /* Build configuration list for PBXNativeTarget "ZillaTests" */ = {
			isa = XCConfigurationList;
			buildConfigurations = (
				3339A5B72FA001FC003FB395 /* Debug */,
				3339A5B82FA001FC003FB395 /* Release */,
			);
			defaultConfigurationIsVisible = 0;
			defaultConfigurationName = Release;
		};
		3339A5B92FA001FC003FB395 /* Build configuration list for PBXNativeTarget "ZillaUITests" */ = {
			isa = XCConfigurationList;
			buildConfigurations = (
				3339A5BA2FA001FC003FB395 /* Debug */,
				3339A5BB2FA001FC003FB395 /* Release */,
			);
			defaultConfigurationIsVisible = 0;
			defaultConfigurationName = Release;
		};
/* End XCConfigurationList section */

/* Begin XCLocalSwiftPackageReference section */
		3339A5BD2FA0098A003FB395 /* XCLocalSwiftPackageReference "Packages/BugzillaKit" */ = {
			isa = XCLocalSwiftPackageReference;
			relativePath = Packages/BugzillaKit;
		};
		3339A7072FA06FFF003FB395 /* XCLocalSwiftPackageReference "Packages/SearchfoxKit" */ = {
			isa = XCLocalSwiftPackageReference;
			relativePath = Packages/SearchfoxKit;
		};
		3339A7FE2FA15288003FB395 /* XCLocalSwiftPackageReference "Packages/PhabricatorKit" */ = {
			isa = XCLocalSwiftPackageReference;
			relativePath = Packages/PhabricatorKit;
		};
		3339DB4B2FA40E4D0060FCCE /* XCLocalSwiftPackageReference "Packages/FolioCodeView" */ = {
			isa = XCLocalSwiftPackageReference;
			relativePath = Packages/FolioCodeView;
		};
		33EA15592FA90E990083368E /* XCLocalSwiftPackageReference "../SwiftProse" */ = {
			isa = XCLocalSwiftPackageReference;
			relativePath = ../SwiftProse;
		};
/* End XCLocalSwiftPackageReference section */

/* Begin XCRemoteSwiftPackageReference section */
		3339A5C02FA00C00003FB395 /* XCRemoteSwiftPackageReference "Textual" */ = {
			isa = XCRemoteSwiftPackageReference;
			repositoryURL = "https://github.com/gonzalezreal/Textual";
			requirement = {
				kind = upToNextMajorVersion;
				minimumVersion = 0.3.0;
			};
		};
/* End XCRemoteSwiftPackageReference section */

/* Begin XCSwiftPackageProductDependency section */
		3339A5BE2FA0098A003FB395 /* BugzillaKit */ = {
			isa = XCSwiftPackageProductDependency;
			productName = BugzillaKit;
		};
		3339A5C12FA00C00003FB395 /* Textual */ = {
			isa = XCSwiftPackageProductDependency;
			package = 3339A5C02FA00C00003FB395 /* XCRemoteSwiftPackageReference "Textual" */;
			productName = Textual;
		};
		3339A7082FA06FFF003FB395 /* SearchfoxKit */ = {
			isa = XCSwiftPackageProductDependency;
			productName = SearchfoxKit;
		};
		3339A7FF2FA15288003FB395 /* PhabricatorKit */ = {
			isa = XCSwiftPackageProductDependency;
			productName = PhabricatorKit;
		};
		3339DB4C2FA40E4D0060FCCE /* FolioCodeView */ = {
			isa = XCSwiftPackageProductDependency;
			productName = FolioCodeView;
		};
		3339DB4E2FA40E4D0060FCCE /* FolioHighlight */ = {
			isa = XCSwiftPackageProductDependency;
			productName = FolioHighlight;
		};
		3339DB502FA40E4D0060FCCE /* FolioModel */ = {
			isa = XCSwiftPackageProductDependency;
			productName = FolioModel;
		};
		33EA155A2FA90E990083368E /* SwiftProse */ = {
			isa = XCSwiftPackageProductDependency;
			productName = SwiftProse;
		};
		33EA155C2FA90E990083368E /* SwiftProseSyntax */ = {
			isa = XCSwiftPackageProductDependency;
			productName = SwiftProseSyntax;
		};
/* End XCSwiftPackageProductDependency section */
	};
	rootObject = 3339A5882FA001FB003FB395 /* Project object */;
}
